
Microsoft Visual Studio Solution File, Format Version 12.00
# Visual Studio Version 16
VisualStudioVersion = 16.0.32901.82
MinimumVisualStudioVersion = 10.0.40219.1
Project("{FAE04EC0-301F-11D3-BF4B-00C04F79EFBC}") = "IT-Sec", "IT-Sec\IT-Sec.csproj", "{2418A602-F52A-452A-908C-83A70C4B91CE}"
EndProject
Global
	GlobalSection(SolutionConfigurationPlatforms) = preSolution
		Debug|Any CPU = Debug|Any CPU
		Release|Any CPU = Release|Any CPU
	EndGlobalSection
	GlobalSection(ProjectConfigurationPlatforms) = postSolution
		{2418A602-F52A-452A-908C-83A70C4B91CE}.Debug|Any CPU.ActiveCfg = Debug|Any CPU
		{2418A602-F52A-452A-908C-83A70C4B91CE}.Debug|Any CPU.Build.0 = Debug|Any CPU
		{2418A602-F52A-452A-908C-83A70C4B91CE}.Release|Any CPU.ActiveCfg = Release|Any CPU
		{2418A602-F52A-452A-908C-83A70C4B91CE}.Release|Any CPU.Build.0 = Release|Any CPU
	EndGlobalSection
	GlobalSection(SolutionProperties) = preSolution
		HideSolutionNode = FALSE
	EndGlobalSection
	GlobalSection(ExtensibilityGlobals) = postSolution
		SolutionGuid = {72E507D3-3F80-48E7-B09A-34822C7A4CA3}
	EndGlobalSection
EndGlobal
